
Microsoft Visual Studio Solution File, Format Version 12.00
# Visual Studio Version 16
VisualStudioVersion = 16.0.30128.74
MinimumVisualStudioVersion = 10.0.40219.1
Project("{FAE04EC0-301F-11D3-BF4B-00C04F79EFBC}") = "CustomSpellCheck", "CustomSpellCheck.csproj", "{46402D7B-76CB-4A96-A524-D40E95D66165}"
EndProject
Global
	GlobalSection(SolutionConfigurationPlatforms) = preSolution
		Debug|Any CPU = Debug|Any CPU
		Release|Any CPU = Release|Any CPU
	EndGlobalSection
	GlobalSection(ProjectConfigurationPlatforms) = postSolution
		{46402D7B-76CB-4A96-A524-D40E95D66165}.Debug|Any CPU.ActiveCfg = Debug|Any CPU
		{46402D7B-76CB-4A96-A524-D40E95D66165}.Debug|Any CPU.Build.0 = Debug|Any CPU
		{46402D7B-76CB-4A96-A524-D40E95D66165}.Release|Any CPU.ActiveCfg = Release|Any CPU
		{46402D7B-76CB-4A96-A524-D40E95D66165}.Release|Any CPU.Build.0 = Release|Any CPU
	EndGlobalSection
	GlobalSection(SolutionProperties) = preSolution
		HideSolutionNode = FALSE
	EndGlobalSection
	GlobalSection(ExtensibilityGlobals) = postSolution
		SolutionGuid = {F339C8AD-F488-4FE4-AF45-209641140C2C}
	EndGlobalSection
EndGlobal
